
Microsoft Visual Studio Solution File, Format Version 12.00
# Visual Studio Version 17
VisualStudioVersion = 17.11.34909.67
MinimumVisualStudioVersion = 10.0.40219.1
Project("{FAE04EC0-301F-11D3-BF4B-00C04F79EFBC}") = "Jenkinser", "Jenkinser.csproj", "{C2F4DE29-092E-4D7E-BEB5-5E4B4894774D}"
EndProject
Global
	GlobalSection(SolutionConfigurationPlatforms) = preSolution
		Debug|Any CPU = Debug|Any CPU
		Release|Any CPU = Release|Any CPU
	EndGlobalSection
	GlobalSection(ProjectConfigurationPlatforms) = postSolution
		{C2F4DE29-092E-4D7E-BEB5-5E4B4894774D}.Debug|Any CPU.ActiveCfg = Debug|Any CPU
		{C2F4DE29-092E-4D7E-BEB5-5E4B4894774D}.Debug|Any CPU.Build.0 = Debug|Any CPU
		{C2F4DE29-092E-4D7E-BEB5-5E4B4894774D}.Release|Any CPU.ActiveCfg = Release|Any CPU
		{C2F4DE29-092E-4D7E-BEB5-5E4B4894774D}.Release|Any CPU.Build.0 = Release|Any CPU
	EndGlobalSection
	GlobalSection(SolutionProperties) = preSolution
		HideSolutionNode = FALSE
	EndGlobalSection
	GlobalSection(ExtensibilityGlobals) = postSolution
		SolutionGuid = {D3105738-2364-477A-9E0D-6703FC9919EA}
	EndGlobalSection
EndGlobal
